
Microsoft Visual Studio Solution File, Format Version 12.00
# Visual Studio Version 16
VisualStudioVersion = 16.0.29102.190
MinimumVisualStudioVersion = 10.0.40219.1
Project("{FAE04EC0-301F-11D3-BF4B-00C04F79EFBC}") = "lol", "lol\lol.csproj", "{E8C038B7-FA00-46DA-A1D4-3A1F777BA4E0}"
EndProject
Global
	GlobalSection(SolutionConfigurationPlatforms) = preSolution
		Debug|Any CPU = Debug|Any CPU
		Release|Any CPU = Release|Any CPU
	EndGlobalSection
	GlobalSection(ProjectConfigurationPlatforms) = postSolution
		{E8C038B7-FA00-46DA-A1D4-3A1F777BA4E0}.Debug|Any CPU.ActiveCfg = Debug|Any CPU
		{E8C038B7-FA00-46DA-A1D4-3A1F777BA4E0}.Debug|Any CPU.Build.0 = Debug|Any CPU
		{E8C038B7-FA00-46DA-A1D4-3A1F777BA4E0}.Release|Any CPU.ActiveCfg = Release|Any CPU
		{E8C038B7-FA00-46DA-A1D4-3A1F777BA4E0}.Release|Any CPU.Build.0 = Release|Any CPU
	EndGlobalSection
	GlobalSection(SolutionProperties) = preSolution
		HideSolutionNode = FALSE
	EndGlobalSection
	GlobalSection(ExtensibilityGlobals) = postSolution
		SolutionGuid = {1227A36B-C596-47D2-AD2E-66F905F41C08}
	EndGlobalSection
EndGlobal
